// !$*UTF8*$!
{
	archiveVersion = 1;
	classes = {
	};
	objectVersion = 50;
	objects = {

/* Begin PBXBuildFile section */
		4F76D1492363196400228A5D /* SideMenuVC.swift in Sources */ = {isa = PBXBuildFile; fileRef = 4F76D1482363196400228A5D /* SideMenuVC.swift */; };
		4F79B34823632F54002867A9 /* Settting.swift in Sources */ = {isa = PBXBuildFile; fileRef = 4F79B34723632F54002867A9 /* Settting.swift */; };
		4FE63CBB23622E1400D5D122 /* AppDelegate.swift in Sources */ = {isa = PBXBuildFile; fileRef = 4FE63CBA23622E1400D5D122 /* AppDelegate.swift */; };
		4FE63CBD23622E1400D5D122 /* Container.swift in Sources */ = {isa = PBXBuildFile; fileRef = 4FE63CBC23622E1400D5D122 /* Container.swift */; };
		4FE63CC023622E1400D5D122 /* Main.storyboard in Resources */ = {isa = PBXBuildFile; fileRef = 4FE63CBE23622E1400D5D122 /* Main.storyboard */; };
		4FE63CC223622E1800D5D122 /* Assets.xcassets in Resources */ = {isa = PBXBuildFile; fileRef = 4FE63CC123622E1800D5D122 /* Assets.xcassets */; };
		4FE63CC523622E1800D5D122 /* LaunchScreen.storyboard in Resources */ = {isa = PBXBuildFile; fileRef = 4FE63CC323622E1800D5D122 /* LaunchScreen.storyboard */; };
		4FE63CCD236230BA00D5D122 /* HomeVC.swift in Sources */ = {isa = PBXBuildFile; fileRef = 4FE63CCC236230BA00D5D122 /* HomeVC.swift */; };
		4FE63CCF2362310100D5D122 /* Protocolos.swift in Sources */ = {isa = PBXBuildFile; fileRef = 4FE63CCE2362310100D5D122 /* Protocolos.swift */; };
/* End PBXBuildFile section */

/* Begin PBXFileReference section */
		4F76D1482363196400228A5D /* SideMenuVC.swift */ = {isa = PBXFileReference; lastKnownFileType = sourcecode.swift; path = SideMenuVC.swift; sourceTree = "<group>"; };
		4F79B34723632F54002867A9 /* Settting.swift */ = {isa = PBXFileReference; lastKnownFileType = sourcecode.swift; path = Settting.swift; sourceTree = "<group>"; };
		4FE63CB723622E1400D5D122 /* sidemenu2.app */ = {isa = PBXFileReference; explicitFileType = wrapper.application; includeInIndex = 0; path = sidemenu2.app; sourceTree = BUILT_PRODUCTS_DIR; };
		4FE63CBA23622E1400D5D122 /* AppDelegate.swift */ = {isa = PBXFileReference; lastKnownFileType = sourcecode.swift; path = AppDelegate.swift; sourceTree = "<group>"; };
		4FE63CBC23622E1400D5D122 /* Container.swift */ = {isa = PBXFileReference; lastKnownFileType = sourcecode.swift; path = Container.swift; sourceTree = "<group>"; };
		4FE63CBF23622E1400D5D122 /* Base */ = {isa = PBXFileReference; lastKnownFileType = file.storyboard; name = Base; path = Base.lproj/Main.storyboard; sourceTree = "<group>"; };
		4FE63CC123622E1800D5D122 /* Assets.xcassets */ = {isa = PBXFileReference; lastKnownFileType = folder.assetcatalog; path = Assets.xcassets; sourceTree = "<group>"; };
		4FE63CC423622E1800D5D122 /* Base */ = {isa = PBXFileReference; lastKnownFileType = file.storyboard; name = Base; path = Base.lproj/LaunchScreen.storyboard; sourceTree = "<group>"; };
		4FE63CC623622E1800D5D122 /* Info.plist */ = {isa = PBXFileReference; lastKnownFileType = text.plist.xml; path = Info.plist; sourceTree = "<group>"; };
		4FE63CCC236230BA00D5D122 /* HomeVC.swift */ = {isa = PBXFileReference; lastKnownFileType = sourcecode.swift; path = HomeVC.swift; sourceTree = "<group>"; };
		4FE63CCE2362310100D5D122 /* Protocolos.swift */ = {isa = PBXFileReference; lastKnownFileType = sourcecode.swift; path = Protocolos.swift; sourceTree = "<group>"; };
/* End PBXFileReference section */

/* Begin PBXFrameworksBuildPhase section */
		4FE63CB423622E1400D5D122 /* Frameworks */ = {
			isa = PBXFrameworksBuildPhase;
			buildActionMask = 2147483647;
			files = (
			);
			runOnlyForDeploymentPostprocessing = 0;
		};
/* End PBXFrameworksBuildPhase section */

/* Begin PBXGroup section */
		4FE63CAE23622E1400D5D122 = {
			isa = PBXGroup;
			children = (
				4FE63CB923622E1400D5D122 /* sidemenu2 */,
				4FE63CB823622E1400D5D122 /* Products */,
			);
			sourceTree = "<group>";
		};
		4FE63CB823622E1400D5D122 /* Products */ = {
			isa = PBXGroup;
			children = (
				4FE63CB723622E1400D5D122 /* sidemenu2.app */,
			);
			name = Products;
			sourceTree = "<group>";
		};
		4FE63CB923622E1400D5D122 /* sidemenu2 */ = {
			isa = PBXGroup;
			children = (
				4FE63CBA23622E1400D5D122 /* AppDelegate.swift */,
				4FE63CBC23622E1400D5D122 /* Container.swift */,
				4FE63CCC236230BA00D5D122 /* HomeVC.swift */,
				4F76D1482363196400228A5D /* SideMenuVC.swift */,
				4FE63CCE2362310100D5D122 /* Protocolos.swift */,
				4FE63CBE23622E1400D5D122 /* Main.storyboard */,
				4FE63CC123622E1800D5D122 /* Assets.xcassets */,
				4FE63CC323622E1800D5D122 /* LaunchScreen.storyboard */,
				4FE63CC623622E1800D5D122 /* Info.plist */,
				4F79B34723632F54002867A9 /* Settting.swift */,
			);
			path = sidemenu2;
			sourceTree = "<group>";
		};
/* End PBXGroup section */

/* Begin PBXNativeTarget section */
		4FE63CB623622E1400D5D122 /* sidemenu2 */ = {
			isa = PBXNativeTarget;
			buildConfigurationList = 4FE63CC923622E1800D5D122 /* Build configuration list for PBXNativeTarget "sidemenu2" */;
			buildPhases = (
				4FE63CB323622E1400D5D122 /* Sources */,
				4FE63CB423622E1400D5D122 /* Frameworks */,
				4FE63CB523622E1400D5D122 /* Resources */,
			);
			buildRules = (
			);
			dependencies = (
			);
			name = sidemenu2;
			productName = sidemenu2;
			productReference = 4FE63CB723622E1400D5D122 /* sidemenu2.app */;
			productType = "com.apple.product-type.application";
		};
/* End PBXNativeTarget section */

/* Begin PBXProject section */
		4FE63CAF23622E1400D5D122 /* Project object */ = {
			isa = PBXProject;
			attributes = {
				LastSwiftUpdateCheck = 1030;
				LastUpgradeCheck = 1030;
				ORGANIZATIONNAME = pc;
				TargetAttributes = {
					4FE63CB623622E1400D5D122 = {
						CreatedOnToolsVersion = 10.3;
					};
				};
			};
			buildConfigurationList = 4FE63CB223622E1400D5D122 /* Build configuration list for PBXProject "sidemenu2" */;
			compatibilityVersion = "Xcode 9.3";
			developmentRegion = en;
			hasScannedForEncodings = 0;
			knownRegions = (
				en,
				Base,
			);
			mainGroup = 4FE63CAE23622E1400D5D122;
			productRefGroup = 4FE63CB823622E1400D5D122 /* Products */;
			projectDirPath = "";
			projectRoot = "";
			targets = (
				4FE63CB623622E1400D5D122 /* sidemenu2 */,
			);
		};
/* End PBXProject section */

/* Begin PBXResourcesBuildPhase section */
		4FE63CB523622E1400D5D122 /* Resources */ = {
			isa = PBXResourcesBuildPhase;
			buildActionMask = 2147483647;
			files = (
				4FE63CC523622E1800D5D122 /* LaunchScreen.storyboard in Resources */,
				4FE63CC223622E1800D5D122 /* Assets.xcassets in Resources */,
				4FE63CC023622E1400D5D122 /* Main.storyboard in Resources */,
			);
			runOnlyForDeploymentPostprocessing = 0;
		};
/* End PBXResourcesBuildPhase section */

/* Begin PBXSourcesBuildPhase section */
		4FE63CB323622E1400D5D122 /* Sources */ = {
			isa = PBXSourcesBuildPhase;
			buildActionMask = 2147483647;
			files = (
				4FE63CCD236230BA00D5D122 /* HomeVC.swift in Sources */,
				4F79B34823632F54002867A9 /* Settting.swift in Sources */,
				4FE63CBD23622E1400D5D122 /* Container.swift in Sources */,
				4FE63CBB23622E1400D5D122 /* AppDelegate.swift in Sources */,
				4FE63CCF2362310100D5D122 /* Protocolos.swift in Sources */,
				4F76D1492363196400228A5D /* SideMenuVC.swift in Sources */,
			);
			runOnlyForDeploymentPostprocessing = 0;
		};
/* End PBXSourcesBuildPhase section */

/* Begin PBXVariantGroup section */
		4FE63CBE23622E1400D5D122 /* Main.storyboard */ = {
			isa = PBXVariantGroup;
			children = (
				4FE63CBF23622E1400D5D122 /* Base */,
			);
			name = Main.storyboard;
			sourceTree = "<group>";
		};
		4FE63CC323622E1800D5D122 /* LaunchScreen.storyboard */ = {
			isa = PBXVariantGroup;
			children = (
				4FE63CC423622E1800D5D122 /* Base */,
			);
			name = LaunchScreen.storyboard;
			sourceTree = "<group>";
		};
/* End PBXVariantGroup section */

/* Begin XCBuildConfiguration section */
		4FE63CC723622E1800D5D122 /* Debug */ = {
			isa = XCBuildConfiguration;
			buildSettings = {
				ALWAYS_SEARCH_USER_PATHS = NO;
				CLANG_ANALYZER_NONNULL = YES;
				CLANG_ANALYZER_NUMBER_OBJECT_CONVERSION = YES_AGGRESSIVE;
				CLANG_CXX_LANGUAGE_STANDARD = "gnu++14";
				CLANG_CXX_LIBRARY = "libc++";
				CLANG_ENABLE_MODULES = YES;
				CLANG_ENABLE_OBJC_ARC = YES;
				CLANG_ENABLE_OBJC_WEAK = YES;
				CLANG_WARN_BLOCK_CAPTURE_AUTORELEASING = YES;
				CLANG_WARN_BOOL_CONVERSION = YES;
				CLANG_WARN_COMMA = YES;
				CLANG_WARN_CONSTANT_CONVERSION = YES;
				CLANG_WARN_DEPRECATED_OBJC_IMPLEMENTATIONS = YES;
				CLANG_WARN_DIRECT_OBJC_ISA_USAGE = YES_ERROR;
				CLANG_WARN_DOCUMENTATION_COMMENTS = YES;
				CLANG_WARN_EMPTY_BODY = YES;
				CLANG_WARN_ENUM_CONVERSION = YES;
				CLANG_WARN_INFINITE_RECURSION = YES;
				CLANG_WARN_INT_CONVERSION = YES;
				CLANG_WARN_NON_LITERAL_NULL_CONVERSION = YES;
				CLANG_WARN_OBJC_IMPLICIT_RETAIN_SELF = YES;
				CLANG_WARN_OBJC_LITERAL_CONVERSION = YES;
				CLANG_WARN_OBJC_ROOT_CLASS = YES_ERROR;
				CLANG_WARN_RANGE_LOOP_ANALYSIS = YES;
				CLANG_WARN_STRICT_PROTOTYPES = YES;
				CLANG_WARN_SUSPICIOUS_MOVE = YES;
				CLANG_WARN_UNGUARDED_AVAILABILITY = YES_AGGRESSIVE;
				CLANG_WARN_UNREACHABLE_CODE = YES;
				CLANG_WARN__DUPLICATE_METHOD_MATCH = YES;
				CODE_SIGN_IDENTITY = "iPhone Developer";
				COPY_PHASE_STRIP = NO;
				DEBUG_INFORMATION_FORMAT = dwarf;
				ENABLE_STRICT_OBJC_MSGSEND = YES;
				ENABLE_TESTABILITY = YES;
				GCC_C_LANGUAGE_STANDARD = gnu11;
				GCC_DYNAMIC_NO_PIC = NO;
				GCC_NO_COMMON_BLOCKS = YES;
				GCC_OPTIMIZATION_LEVEL = 0;
				GCC_PREPROCESSOR_DEFINITIONS = (
					"DEBUG=1",
					"$(inherited)",
				);
				GCC_WARN_64_TO_32_BIT_CONVERSION = YES;
				GCC_WARN_ABOUT_RETURN_TYPE = YES_ERROR;
				GCC_WARN_UNDECLARED_SELECTOR = YES;
				GCC_WARN_UNINITIALIZED_AUTOS = YES_AGGRESSIVE;
				GCC_WARN_UNUSED_FUNCTION = YES;
				GCC_WARN_UNUSED_VARIABLE = YES;
				IPHONEOS_DEPLOYMENT_TARGET = 12.4;
				MTL_ENABLE_DEBUG_INFO = INCLUDE_SOURCE;
				MTL_FAST_MATH = YES;
				ONLY_ACTIVE_ARCH = YES;
				SDKROOT = iphoneos;
				SWIFT_ACTIVE_COMPILATION_CONDITIONS = DEBUG;
				SWIFT_OPTIMIZATION_LEVEL = "-Onone";
			};
			name = Debug;
		};
		4FE63CC823622E1800D5D122 /* Release */ = {
			isa = XCBuildConfiguration;
			buildSettings = {
				ALWAYS_SEARCH_USER_PATHS = NO;
				CLANG_ANALYZER_NONNULL = YES;
				CLANG_ANALYZER_NUMBER_OBJECT_CONVERSION = YES_AGGRESSIVE;
				CLANG_CXX_LANGUAGE_STANDARD = "gnu++14";
				CLANG_CXX_LIBRARY = "libc++";
				CLANG_ENABLE_MODULES = YES;
				CLANG_ENABLE_OBJC_ARC = YES;
				CLANG_ENABLE_OBJC_WEAK = YES;
				CLANG_WARN_BLOCK_CAPTURE_AUTORELEASING = YES;
				CLANG_WARN_BOOL_CONVERSION = YES;
				CLANG_WARN_COMMA = YES;
				CLANG_WARN_CONSTANT_CONVERSION = YES;
				CLANG_WARN_DEPRECATED_OBJC_IMPLEMENTATIONS = YES;
				CLANG_WARN_DIRECT_OBJC_ISA_USAGE = YES_ERROR;
				CLANG_WARN_DOCUMENTATION_COMMENTS = YES;
				CLANG_WARN_EMPTY_BODY = YES;
				CLANG_WARN_ENUM_CONVERSION = YES;
				CLANG_WARN_INFINITE_RECURSION = YES;
				CLANG_WARN_INT_CONVERSION = YES;
				CLANG_WARN_NON_LITERAL_NULL_CONVERSION = YES;
				CLANG_WARN_OBJC_IMPLICIT_RETAIN_SELF = YES;
				CLANG_WARN_OBJC_LITERAL_CONVERSION = YES;
				CLANG_WARN_OBJC_ROOT_CLASS = YES_ERROR;
				CLANG_WARN_RANGE_LOOP_ANALYSIS = YES;
				CLANG_WARN_STRICT_PROTOTYPES = YES;
				CLANG_WARN_SUSPICIOUS_MOVE = YES;
				CLANG_WARN_UNGUARDED_AVAILABILITY = YES_AGGRESSIVE;
				CLANG_WARN_UNREACHABLE_CODE = YES;
				CLANG_WARN__DUPLICATE_METHOD_MATCH = YES;
				CODE_SIGN_IDENTITY = "iPhone Developer";
				COPY_PHASE_STRIP = NO;
				DEBUG_INFORMATION_FORMAT = "dwarf-with-dsym";
				ENABLE_NS_ASSERTIONS = NO;
				ENABLE_STRICT_OBJC_MSGSEND = YES;
				GCC_C_LANGUAGE_STANDARD = gnu11;
				GCC_NO_COMMON_BLOCKS = YES;
				GCC_WARN_64_TO_32_BIT_CONVERSION = YES;
				GCC_WARN_ABOUT_RETURN_TYPE = YES_ERROR;
				GCC_WARN_UNDECLARED_SELECTOR = YES;
				GCC_WARN_UNINITIALIZED_AUTOS = YES_AGGRESSIVE;
				GCC_WARN_UNUSED_FUNCTION = YES;
				GCC_WARN_UNUSED_VARIABLE = YES;
				IPHONEOS_DEPLOYMENT_TARGET = 12.4;
				MTL_ENABLE_DEBUG_INFO = NO;
				MTL_FAST_MATH = YES;
				SDKROOT = iphoneos;
				SWIFT_COMPILATION_MODE = wholemodule;
				SWIFT_OPTIMIZATION_LEVEL = "-O";
				VALIDATE_PRODUCT = YES;
			};
			name = Release;
		};
		4FE63CCA23622E1800D5D122 /* Debug */ = {
			isa = XCBuildConfiguration;
			buildSettings = {
				ASSETCATALOG_COMPILER_APPICON_NAME = AppIcon;
				CODE_SIGN_STYLE = Automatic;
				INFOPLIST_FILE = sidemenu2/Info.plist;
				LD_RUNPATH_SEARCH_PATHS = (
					"$(inherited)",
					"@executable_path/Frameworks",
				);
				PRODUCT_BUNDLE_IDENTIFIER = "mostafa-mahmoud.sidemenu2";
				PRODUCT_NAME = "$(TARGET_NAME)";
				SWIFT_VERSION = 5.0;
				TARGETED_DEVICE_FAMILY = "1,2";
			};
			name = Debug;
		};
		4FE63CCB23622E1800D5D122 /* Release */ = {
			isa = XCBuildConfiguration;
			buildSettings = {
				ASSETCATALOG_COMPILER_APPICON_NAME = AppIcon;
				CODE_SIGN_STYLE = Automatic;
				INFOPLIST_FILE = sidemenu2/Info.plist;
				LD_RUNPATH_SEARCH_PATHS = (
					"$(inherited)",
					"@executable_path/Frameworks",
				);
				PRODUCT_BUNDLE_IDENTIFIER = "mostafa-mahmoud.sidemenu2";
				PRODUCT_NAME = "$(TARGET_NAME)";
				SWIFT_VERSION = 5.0;
				TARGETED_DEVICE_FAMILY = "1,2";
			};
			name = Release;
		};
/* End XCBuildConfiguration section */

/* Begin XCConfigurationList section */
		4FE63CB223622E1400D5D122 /* Build configuration list for PBXProject "sidemenu2" */ = {
			isa = XCConfigurationList;
			buildConfigurations = (
				4FE63CC723622E1800D5D122 /* Debug */,
				4FE63CC823622E1800D5D122 /* Release */,
			);
			defaultConfigurationIsVisible = 0;
			defaultConfigurationName = Release;
		};
		4FE63CC923622E1800D5D122 /* Build configuration list for PBXNativeTarget "sidemenu2" */ = {
			isa = XCConfigurationList;
			buildConfigurations = (
				4FE63CCA23622E1800D5D122 /* Debug */,
				4FE63CCB23622E1800D5D122 /* Release */,
			);
			defaultConfigurationIsVisible = 0;
			defaultConfigurationName = Release;
		};
/* End XCConfigurationList section */
	};
	rootObject = 4FE63CAF23622E1400D5D122 /* Project object */;
}
